
Microsoft Visual Studio Solution File, Format Version 12.00
# Visual Studio 15
VisualStudioVersion = 15.0.26730.16
MinimumVisualStudioVersion = 10.0.40219.1
Project("{FAE04EC0-301F-11D3-BF4B-00C04F79EFBC}") = "CarStructureApp", "CarStructureApp\CarStructureApp.csproj", "{A577FD8F-B060-4502-B76E-EBEF401D0843}"
EndProject
Project("{FAE04EC0-301F-11D3-BF4B-00C04F79EFBC}") = "CarStructureDAL", "CarStructureDAL\CarStructureDAL.csproj", "{5FD289D1-1703-48FA-BAB5-16435A128570}"
EndProject
Global
	GlobalSection(SolutionConfigurationPlatforms) = preSolution
		Debug|Any CPU = Debug|Any CPU
		Release|Any CPU = Release|Any CPU
	EndGlobalSection
	GlobalSection(ProjectConfigurationPlatforms) = postSolution
		{A577FD8F-B060-4502-B76E-EBEF401D0843}.Debug|Any CPU.ActiveCfg = Debug|Any CPU
		{A577FD8F-B060-4502-B76E-EBEF401D0843}.Debug|Any CPU.Build.0 = Debug|Any CPU
		{A577FD8F-B060-4502-B76E-EBEF401D0843}.Release|Any CPU.ActiveCfg = Release|Any CPU
		{A577FD8F-B060-4502-B76E-EBEF401D0843}.Release|Any CPU.Build.0 = Release|Any CPU
		{5FD289D1-1703-48FA-BAB5-16435A128570}.Debug|Any CPU.ActiveCfg = Debug|Any CPU
		{5FD289D1-1703-48FA-BAB5-16435A128570}.Debug|Any CPU.Build.0 = Debug|Any CPU
		{5FD289D1-1703-48FA-BAB5-16435A128570}.Release|Any CPU.ActiveCfg = Release|Any CPU
		{5FD289D1-1703-48FA-BAB5-16435A128570}.Release|Any CPU.Build.0 = Release|Any CPU
	EndGlobalSection
	GlobalSection(SolutionProperties) = preSolution
		HideSolutionNode = FALSE
	EndGlobalSection
	GlobalSection(ExtensibilityGlobals) = postSolution
		SolutionGuid = {F5BD5ADB-6C6E-4EBD-B127-B3B9414F31B2}
	EndGlobalSection
EndGlobal
